<?xml version="1.0" encoding="utf-8"?>
<Project ToolsVersion="4.0" xmlns="http://schemas.microsoft.com/developer/msbuild/2003">
  <ItemGroup>
    <Filter Include="源文件">
      <UniqueIdentifier>{4FC737F1-C7A5-4376-A066-2A32D752A2FF}</UniqueIdentifier>
      <Extensions>cpp;c;cc;cxx;def;odl;idl;hpj;bat;asm;asmx</Extensions>
    </Filter>
    <Filter Include="头文件">
      <UniqueIdentifier>{93995380-89BD-4b04-88EB-625FBE52EBFB}</UniqueIdentifier>
      <Extensions>h;hh;hpp;hxx;hm;inl;inc;xsd</Extensions>
    </Filter>
    <Filter Include="资源文件">
      <UniqueIdentifier>{67DA6AB6-F800-4c08-8B7A-83BB121AAD01}</UniqueIdentifier>
      <Extensions>rc;ico;cur;bmp;dlg;rc2;rct;bin;rgs;gif;jpg;jpeg;jpe;resx;tiff;tif;png;wav;mfcribbon-ms</Extensions>
    </Filter>
  </ItemGroup>
  <ItemGroup>
    <Text Include="ReadMe.txt" />
  </ItemGroup>
  <ItemGroup>
    <ClCompile Include="TcpClientReg1.cc">
      <Filter>源文件</Filter>
    </ClCompile>
    <ClCompile Include="..\..\Channel.cc">
      <Filter>源文件</Filter>
    </ClCompile>
    <ClCompile Include="..\..\EventLoop.cc">
      <Filter>源文件</Filter>
    </ClCompile>
    <ClCompile Include="..\..\EventLoopThread.cc">
      <Filter>源文件</Filter>
    </ClCompile>
    <ClCompile Include="..\..\InetAddress.cc">
      <Filter>源文件</Filter>
    </ClCompile>
    <ClCompile Include="..\..\Socket.cc">
      <Filter>源文件</Filter>
    </ClCompile>
    <ClCompile Include="..\..\SocketsOps.cc">
      <Filter>源文件</Filter>
    </ClCompile>
    <ClCompile Include="..\..\TcpClient.cc">
      <Filter>源文件</Filter>
    </ClCompile>
    <ClCompile Include="..\..\TcpConnection.cc">
      <Filter>源文件</Filter>
    </ClCompile>
    <ClCompile Include="..\..\Timer.cc">
      <Filter>源文件</Filter>
    </ClCompile>
    <ClCompile Include="..\..\TimerQueue.cc">
      <Filter>源文件</Filter>
    </ClCompile>
    <ClCompile Include="..\..\Poller.cc">
      <Filter>源文件</Filter>
    </ClCompile>
    <ClCompile Include="..\..\poller\DefaultPoller.cc">
      <Filter>源文件</Filter>
    </ClCompile>
    <ClCompile Include="..\..\poller\PollPoller.cc">
      <Filter>源文件</Filter>
    </ClCompile>
    <ClCompile Include="..\..\..\base\CrossPlatformAdapterFunction.cc">
      <Filter>源文件</Filter>
    </ClCompile>
    <ClCompile Include="..\..\..\base\CurrentThread.cc">
      <Filter>源文件</Filter>
    </ClCompile>
    <ClCompile Include="..\..\..\base\Date.cc">
      <Filter>源文件</Filter>
    </ClCompile>
    <ClCompile Include="..\..\..\base\Exception.cc">
      <Filter>源文件</Filter>
    </ClCompile>
    <ClCompile Include="..\..\..\base\FileUtil.cc">
      <Filter>源文件</Filter>
    </ClCompile>
    <ClCompile Include="..\..\..\base\LogFile.cc">
      <Filter>源文件</Filter>
    </ClCompile>
    <ClCompile Include="..\..\..\base\Logging.cc">
      <Filter>源文件</Filter>
    </ClCompile>
    <ClCompile Include="..\..\..\base\LogStream.cc">
      <Filter>源文件</Filter>
    </ClCompile>
    <ClCompile Include="..\..\..\base\ProcessInfo.cc">
      <Filter>源文件</Filter>
    </ClCompile>
    <ClCompile Include="..\..\..\base\Timestamp.cc">
      <Filter>源文件</Filter>
    </ClCompile>
    <ClCompile Include="..\..\..\base\TimeZone.cc">
      <Filter>源文件</Filter>
    </ClCompile>
    <ClCompile Include="..\..\Connector.cc">
      <Filter>源文件</Filter>
    </ClCompile>
    <ClCompile Include="..\..\Buffer.cc">
      <Filter>源文件</Filter>
    </ClCompile>
    <ClCompile Include="..\..\poller\EPollPoller.cc">
      <Filter>源文件</Filter>
    </ClCompile>
  </ItemGroup>
</Project>